
Microsoft Visual Studio Solution File, Format Version 12.00
# Visual Studio Version 17
VisualStudioVersion = 17.13.35806.99 d17.13
MinimumVisualStudioVersion = 10.0.40219.1
Project("{FAE04EC0-301F-11D3-BF4B-00C04F79EFBC}") = "Tic-Tac-Toe", "Tic-Tac-Toe\Tic-Tac-Toe.csproj", "{82A15515-ADCB-4B31-93C3-76DBE1F3BF04}"
EndProject
Project("{FAE04EC0-301F-11D3-BF4B-00C04F79EFBC}") = "PiškvorkyConsole", "PiškvorkyConsole\PiškvorkyConsole.csproj", "{A3C8FBFD-A105-4B3F-B277-76AECE248D1B}"
EndProject
Global
	GlobalSection(SolutionConfigurationPlatforms) = preSolution
		Debug|Any CPU = Debug|Any CPU
		Release|Any CPU = Release|Any CPU
	EndGlobalSection
	GlobalSection(ProjectConfigurationPlatforms) = postSolution
		{82A15515-ADCB-4B31-93C3-76DBE1F3BF04}.Debug|Any CPU.ActiveCfg = Debug|Any CPU
		{82A15515-ADCB-4B31-93C3-76DBE1F3BF04}.Debug|Any CPU.Build.0 = Debug|Any CPU
		{82A15515-ADCB-4B31-93C3-76DBE1F3BF04}.Release|Any CPU.ActiveCfg = Release|Any CPU
		{82A15515-ADCB-4B31-93C3-76DBE1F3BF04}.Release|Any CPU.Build.0 = Release|Any CPU
		{A3C8FBFD-A105-4B3F-B277-76AECE248D1B}.Debug|Any CPU.ActiveCfg = Debug|Any CPU
		{A3C8FBFD-A105-4B3F-B277-76AECE248D1B}.Debug|Any CPU.Build.0 = Debug|Any CPU
		{A3C8FBFD-A105-4B3F-B277-76AECE248D1B}.Release|Any CPU.ActiveCfg = Release|Any CPU
		{A3C8FBFD-A105-4B3F-B277-76AECE248D1B}.Release|Any CPU.Build.0 = Release|Any CPU
	EndGlobalSection
	GlobalSection(SolutionProperties) = preSolution
		HideSolutionNode = FALSE
	EndGlobalSection
	GlobalSection(ExtensibilityGlobals) = postSolution
		SolutionGuid = {02D6D1CB-D785-4949-8616-AAB1FB3E895C}
	EndGlobalSection
EndGlobal
